// !$*UTF8*$!
{
	archiveVersion = 1;
	classes = {
	};
	objectVersion = 50;
	objects = {

/* Begin PBXBuildFile section */
		7508C65D225EC204004003C1 /* Meme.swift in Sources */ = {isa = PBXBuildFile; fileRef = 7508C65C225EC204004003C1 /* Meme.swift */; };
		754D0927225D209500D047D4 /* Main.storyboard in Resources */ = {isa = PBXBuildFile; fileRef = 75BCEC702225A92000821B13 /* Main.storyboard */; };
		759D8045225D21BE00CD53FF /* MemeEditorViewController.swift in Sources */ = {isa = PBXBuildFile; fileRef = 759D8044225D21BE00CD53FF /* MemeEditorViewController.swift */; };
		75BCEC6D2225A92000821B13 /* AppDelegate.swift in Sources */ = {isa = PBXBuildFile; fileRef = 75BCEC6C2225A92000821B13 /* AppDelegate.swift */; };
		75BCEC742225A92100821B13 /* Assets.xcassets in Resources */ = {isa = PBXBuildFile; fileRef = 75BCEC732225A92100821B13 /* Assets.xcassets */; };
		75BCEC772225A92100821B13 /* LaunchScreen.storyboard in Resources */ = {isa = PBXBuildFile; fileRef = 75BCEC752225A92100821B13 /* LaunchScreen.storyboard */; };
		75BCEC822225A92100821B13 /* MemeogramTests.swift in Sources */ = {isa = PBXBuildFile; fileRef = 75BCEC812225A92100821B13 /* MemeogramTests.swift */; };
		75BCEC8D2225A92100821B13 /* MemeogramUITests.swift in Sources */ = {isa = PBXBuildFile; fileRef = 75BCEC8C2225A92100821B13 /* MemeogramUITests.swift */; };
/* End PBXBuildFile section */

/* Begin PBXContainerItemProxy section */
		75BCEC7E2225A92100821B13 /* PBXContainerItemProxy */ = {
			isa = PBXContainerItemProxy;
			containerPortal = 75BCEC612225A92000821B13 /* Project object */;
			proxyType = 1;
			remoteGlobalIDString = 75BCEC682225A92000821B13;
			remoteInfo = Memeogram;
		};
		75BCEC892225A92100821B13 /* PBXContainerItemProxy */ = {
			isa = PBXContainerItemProxy;
			containerPortal = 75BCEC612225A92000821B13 /* Project object */;
			proxyType = 1;
			remoteGlobalIDString = 75BCEC682225A92000821B13;
			remoteInfo = Memeogram;
		};
/* End PBXContainerItemProxy section */

/* Begin PBXFileReference section */
		7508C65C225EC204004003C1 /* Meme.swift */ = {isa = PBXFileReference; lastKnownFileType = sourcecode.swift; path = Meme.swift; sourceTree = "<group>"; };
		759D8044225D21BE00CD53FF /* MemeEditorViewController.swift */ = {isa = PBXFileReference; fileEncoding = 4; lastKnownFileType = sourcecode.swift; path = MemeEditorViewController.swift; sourceTree = "<group>"; };
		75BCEC692225A92000821B13 /* Memeogram.app */ = {isa = PBXFileReference; explicitFileType = wrapper.application; includeInIndex = 0; path = Memeogram.app; sourceTree = BUILT_PRODUCTS_DIR; };
		75BCEC6C2225A92000821B13 /* AppDelegate.swift */ = {isa = PBXFileReference; lastKnownFileType = sourcecode.swift; path = AppDelegate.swift; sourceTree = "<group>"; };
		75BCEC712225A92000821B13 /* Base */ = {isa = PBXFileReference; lastKnownFileType = file.storyboard; name = Base; path = Base.lproj/Main.storyboard; sourceTree = "<group>"; };
		75BCEC732225A92100821B13 /* Assets.xcassets */ = {isa = PBXFileReference; lastKnownFileType = folder.assetcatalog; path = Assets.xcassets; sourceTree = "<group>"; };
		75BCEC762225A92100821B13 /* Base */ = {isa = PBXFileReference; lastKnownFileType = file.storyboard; name = Base; path = Base.lproj/LaunchScreen.storyboard; sourceTree = "<group>"; };
		75BCEC782225A92100821B13 /* Info.plist */ = {isa = PBXFileReference; lastKnownFileType = text.plist.xml; path = Info.plist; sourceTree = "<group>"; };
		75BCEC7D2225A92100821B13 /* MemeogramTests.xctest */ = {isa = PBXFileReference; explicitFileType = wrapper.cfbundle; includeInIndex = 0; path = MemeogramTests.xctest; sourceTree = BUILT_PRODUCTS_DIR; };
		75BCEC812225A92100821B13 /* MemeogramTests.swift */ = {isa = PBXFileReference; lastKnownFileType = sourcecode.swift; path = MemeogramTests.swift; sourceTree = "<group>"; };
		75BCEC832225A92100821B13 /* Info.plist */ = {isa = PBXFileReference; lastKnownFileType = text.plist.xml; path = Info.plist; sourceTree = "<group>"; };
		75BCEC882225A92100821B13 /* MemeogramUITests.xctest */ = {isa = PBXFileReference; explicitFileType = wrapper.cfbundle; includeInIndex = 0; path = MemeogramUITests.xctest; sourceTree = BUILT_PRODUCTS_DIR; };
		75BCEC8C2225A92100821B13 /* MemeogramUITests.swift */ = {isa = PBXFileReference; lastKnownFileType = sourcecode.swift; path = MemeogramUITests.swift; sourceTree = "<group>"; };
		75BCEC8E2225A92100821B13 /* Info.plist */ = {isa = PBXFileReference; lastKnownFileType = text.plist.xml; path = Info.plist; sourceTree = "<group>"; };
/* End PBXFileReference section */

/* Begin PBXFrameworksBuildPhase section */
		75BCEC662225A92000821B13 /* Frameworks */ = {
			isa = PBXFrameworksBuildPhase;
			buildActionMask = 2147483647;
			files = (
			);
			runOnlyForDeploymentPostprocessing = 0;
		};
		75BCEC7A2225A92100821B13 /* Frameworks */ = {
			isa = PBXFrameworksBuildPhase;
			buildActionMask = 2147483647;
			files = (
			);
			runOnlyForDeploymentPostprocessing = 0;
		};
		75BCEC852225A92100821B13 /* Frameworks */ = {
			isa = PBXFrameworksBuildPhase;
			buildActionMask = 2147483647;
			files = (
			);
			runOnlyForDeploymentPostprocessing = 0;
		};
/* End PBXFrameworksBuildPhase section */

/* Begin PBXGroup section */
		75BCEC602225A92000821B13 = {
			isa = PBXGroup;
			children = (
				75BCEC6B2225A92000821B13 /* Memeogram */,
				75BCEC802225A92100821B13 /* MemeogramTests */,
				75BCEC8B2225A92100821B13 /* MemeogramUITests */,
				75BCEC6A2225A92000821B13 /* Products */,
			);
			sourceTree = "<group>";
		};
		75BCEC6A2225A92000821B13 /* Products */ = {
			isa = PBXGroup;
			children = (
				75BCEC692225A92000821B13 /* Memeogram.app */,
				75BCEC7D2225A92100821B13 /* MemeogramTests.xctest */,
				75BCEC882225A92100821B13 /* MemeogramUITests.xctest */,
			);
			name = Products;
			sourceTree = "<group>";
		};
		75BCEC6B2225A92000821B13 /* Memeogram */ = {
			isa = PBXGroup;
			children = (
				759D8044225D21BE00CD53FF /* MemeEditorViewController.swift */,
				75BCEC6C2225A92000821B13 /* AppDelegate.swift */,
				75BCEC702225A92000821B13 /* Main.storyboard */,
				75BCEC732225A92100821B13 /* Assets.xcassets */,
				75BCEC752225A92100821B13 /* LaunchScreen.storyboard */,
				75BCEC782225A92100821B13 /* Info.plist */,
				7508C65C225EC204004003C1 /* Meme.swift */,
			);
			path = Memeogram;
			sourceTree = "<group>";
		};
		75BCEC802225A92100821B13 /* MemeogramTests */ = {
			isa = PBXGroup;
			children = (
				75BCEC812225A92100821B13 /* MemeogramTests.swift */,
				75BCEC832225A92100821B13 /* Info.plist */,
			);
			path = MemeogramTests;
			sourceTree = "<group>";
		};
		75BCEC8B2225A92100821B13 /* MemeogramUITests */ = {
			isa = PBXGroup;
			children = (
				75BCEC8C2225A92100821B13 /* MemeogramUITests.swift */,
				75BCEC8E2225A92100821B13 /* Info.plist */,
			);
			path = MemeogramUITests;
			sourceTree = "<group>";
		};
/* End PBXGroup section */

/* Begin PBXNativeTarget section */
		75BCEC682225A92000821B13 /* Memeogram */ = {
			isa = PBXNativeTarget;
			buildConfigurationList = 75BCEC912225A92100821B13 /* Build configuration list for PBXNativeTarget "Memeogram" */;
			buildPhases = (
				75BCEC652225A92000821B13 /* Sources */,
				75BCEC662225A92000821B13 /* Frameworks */,
				75BCEC672225A92000821B13 /* Resources */,
			);
			buildRules = (
			);
			dependencies = (
			);
			name = Memeogram;
			productName = Memeogram;
			productReference = 75BCEC692225A92000821B13 /* Memeogram.app */;
			productType = "com.apple.product-type.application";
		};
		75BCEC7C2225A92100821B13 /* MemeogramTests */ = {
			isa = PBXNativeTarget;
			buildConfigurationList = 75BCEC942225A92100821B13 /* Build configuration list for PBXNativeTarget "MemeogramTests" */;
			buildPhases = (
				75BCEC792225A92100821B13 /* Sources */,
				75BCEC7A2225A92100821B13 /* Frameworks */,
				75BCEC7B2225A92100821B13 /* Resources */,
			);
			buildRules = (
			);
			dependencies = (
				75BCEC7F2225A92100821B13 /* PBXTargetDependency */,
			);
			name = MemeogramTests;
			productName = MemeogramTests;
			productReference = 75BCEC7D2225A92100821B13 /* MemeogramTests.xctest */;
			productType = "com.apple.product-type.bundle.unit-test";
		};
		75BCEC872225A92100821B13 /* MemeogramUITests */ = {
			isa = PBXNativeTarget;
			buildConfigurationList = 75BCEC972225A92100821B13 /* Build configuration list for PBXNativeTarget "MemeogramUITests" */;
			buildPhases = (
				75BCEC842225A92100821B13 /* Sources */,
				75BCEC852225A92100821B13 /* Frameworks */,
				75BCEC862225A92100821B13 /* Resources */,
			);
			buildRules = (
			);
			dependencies = (
				75BCEC8A2225A92100821B13 /* PBXTargetDependency */,
			);
			name = MemeogramUITests;
			productName = MemeogramUITests;
			productReference = 75BCEC882225A92100821B13 /* MemeogramUITests.xctest */;
			productType = "com.apple.product-type.bundle.ui-testing";
		};
/* End PBXNativeTarget section */

/* Begin PBXProject section */
		75BCEC612225A92000821B13 /* Project object */ = {
			isa = PBXProject;
			attributes = {
				LastSwiftUpdateCheck = 1010;
				LastUpgradeCheck = 1010;
				ORGANIZATIONNAME = at;
				TargetAttributes = {
					75BCEC682225A92000821B13 = {
						CreatedOnToolsVersion = 10.1;
					};
					75BCEC7C2225A92100821B13 = {
						CreatedOnToolsVersion = 10.1;
						TestTargetID = 75BCEC682225A92000821B13;
					};
					75BCEC872225A92100821B13 = {
						CreatedOnToolsVersion = 10.1;
						TestTargetID = 75BCEC682225A92000821B13;
					};
				};
			};
			buildConfigurationList = 75BCEC642225A92000821B13 /* Build configuration list for PBXProject "Memeogram" */;
			compatibilityVersion = "Xcode 9.3";
			developmentRegion = en;
			hasScannedForEncodings = 0;
			knownRegions = (
				en,
				Base,
			);
			mainGroup = 75BCEC602225A92000821B13;
			productRefGroup = 75BCEC6A2225A92000821B13 /* Products */;
			projectDirPath = "";
			projectRoot = "";
			targets = (
				75BCEC682225A92000821B13 /* Memeogram */,
				75BCEC7C2225A92100821B13 /* MemeogramTests */,
				75BCEC872225A92100821B13 /* MemeogramUITests */,
			);
		};
/* End PBXProject section */

/* Begin PBXResourcesBuildPhase section */
		75BCEC672225A92000821B13 /* Resources */ = {
			isa = PBXResourcesBuildPhase;
			buildActionMask = 2147483647;
			files = (
				754D0927225D209500D047D4 /* Main.storyboard in Resources */,
				75BCEC772225A92100821B13 /* LaunchScreen.storyboard in Resources */,
				75BCEC742225A92100821B13 /* Assets.xcassets in Resources */,
			);
			runOnlyForDeploymentPostprocessing = 0;
		};
		75BCEC7B2225A92100821B13 /* Resources */ = {
			isa = PBXResourcesBuildPhase;
			buildActionMask = 2147483647;
			files = (
			);
			runOnlyForDeploymentPostprocessing = 0;
		};
		75BCEC862225A92100821B13 /* Resources */ = {
			isa = PBXResourcesBuildPhase;
			buildActionMask = 2147483647;
			files = (
			);
			runOnlyForDeploymentPostprocessing = 0;
		};
/* End PBXResourcesBuildPhase section */

/* Begin PBXSourcesBuildPhase section */
		75BCEC652225A92000821B13 /* Sources */ = {
			isa = PBXSourcesBuildPhase;
			buildActionMask = 2147483647;
			files = (
				7508C65D225EC204004003C1 /* Meme.swift in Sources */,
				759D8045225D21BE00CD53FF /* MemeEditorViewController.swift in Sources */,
				75BCEC6D2225A92000821B13 /* AppDelegate.swift in Sources */,
			);
			runOnlyForDeploymentPostprocessing = 0;
		};
		75BCEC792225A92100821B13 /* Sources */ = {
			isa = PBXSourcesBuildPhase;
			buildActionMask = 2147483647;
			files = (
				75BCEC822225A92100821B13 /* MemeogramTests.swift in Sources */,
			);
			runOnlyForDeploymentPostprocessing = 0;
		};
		75BCEC842225A92100821B13 /* Sources */ = {
			isa = PBXSourcesBuildPhase;
			buildActionMask = 2147483647;
			files = (
				75BCEC8D2225A92100821B13 /* MemeogramUITests.swift in Sources */,
			);
			runOnlyForDeploymentPostprocessing = 0;
		};
/* End PBXSourcesBuildPhase section */

/* Begin PBXTargetDependency section */
		75BCEC7F2225A92100821B13 /* PBXTargetDependency */ = {
			isa = PBXTargetDependency;
			target = 75BCEC682225A92000821B13 /* Memeogram */;
			targetProxy = 75BCEC7E2225A92100821B13 /* PBXContainerItemProxy */;
		};
		75BCEC8A2225A92100821B13 /* PBXTargetDependency */ = {
			isa = PBXTargetDependency;
			target = 75BCEC682225A92000821B13 /* Memeogram */;
			targetProxy = 75BCEC892225A92100821B13 /* PBXContainerItemProxy */;
		};
/* End PBXTargetDependency section */

/* Begin PBXVariantGroup section */
		75BCEC702225A92000821B13 /* Main.storyboard */ = {
			isa = PBXVariantGroup;
			children = (
				75BCEC712225A92000821B13 /* Base */,
			);
			name = Main.storyboard;
			sourceTree = "<group>";
		};
		75BCEC752225A92100821B13 /* LaunchScreen.storyboard */ = {
			isa = PBXVariantGroup;
			children = (
				75BCEC762225A92100821B13 /* Base */,
			);
			name = LaunchScreen.storyboard;
			sourceTree = "<group>";
		};
/* End PBXVariantGroup section */

/* Begin XCBuildConfiguration section */
		75BCEC8F2225A92100821B13 /* Debug */ = {
			isa = XCBuildConfiguration;
			buildSettings = {
				ALWAYS_SEARCH_USER_PATHS = NO;
				CLANG_ANALYZER_NONNULL = YES;
				CLANG_ANALYZER_NUMBER_OBJECT_CONVERSION = YES_AGGRESSIVE;
				CLANG_CXX_LANGUAGE_STANDARD = "gnu++14";
				CLANG_CXX_LIBRARY = "libc++";
				CLANG_ENABLE_MODULES = YES;
				CLANG_ENABLE_OBJC_ARC = YES;
				CLANG_ENABLE_OBJC_WEAK = YES;
				CLANG_WARN_BLOCK_CAPTURE_AUTORELEASING = YES;
				CLANG_WARN_BOOL_CONVERSION = YES;
				CLANG_WARN_COMMA = YES;
				CLANG_WARN_CONSTANT_CONVERSION = YES;
				CLANG_WARN_DEPRECATED_OBJC_IMPLEMENTATIONS = YES;
				CLANG_WARN_DIRECT_OBJC_ISA_USAGE = YES_ERROR;
				CLANG_WARN_DOCUMENTATION_COMMENTS = YES;
				CLANG_WARN_EMPTY_BODY = YES;
				CLANG_WARN_ENUM_CONVERSION = YES;
				CLANG_WARN_INFINITE_RECURSION = YES;
				CLANG_WARN_INT_CONVERSION = YES;
				CLANG_WARN_NON_LITERAL_NULL_CONVERSION = YES;
				CLANG_WARN_OBJC_IMPLICIT_RETAIN_SELF = YES;
				CLANG_WARN_OBJC_LITERAL_CONVERSION = YES;
				CLANG_WARN_OBJC_ROOT_CLASS = YES_ERROR;
				CLANG_WARN_RANGE_LOOP_ANALYSIS = YES;
				CLANG_WARN_STRICT_PROTOTYPES = YES;
				CLANG_WARN_SUSPICIOUS_MOVE = YES;
				CLANG_WARN_UNGUARDED_AVAILABILITY = YES_AGGRESSIVE;
				CLANG_WARN_UNREACHABLE_CODE = YES;
				CLANG_WARN__DUPLICATE_METHOD_MATCH = YES;
				CODE_SIGN_IDENTITY = "iPhone Developer";
				COPY_PHASE_STRIP = NO;
				DEBUG_INFORMATION_FORMAT = dwarf;
				ENABLE_STRICT_OBJC_MSGSEND = YES;
				ENABLE_TESTABILITY = YES;
				GCC_C_LANGUAGE_STANDARD = gnu11;
				GCC_DYNAMIC_NO_PIC = NO;
				GCC_NO_COMMON_BLOCKS = YES;
				GCC_OPTIMIZATION_LEVEL = 0;
				GCC_PREPROCESSOR_DEFINITIONS = (
					"DEBUG=1",
					"$(inherited)",
				);
				GCC_WARN_64_TO_32_BIT_CONVERSION = YES;
				GCC_WARN_ABOUT_RETURN_TYPE = YES_ERROR;
				GCC_WARN_UNDECLARED_SELECTOR = YES;
				GCC_WARN_UNINITIALIZED_AUTOS = YES_AGGRESSIVE;
				GCC_WARN_UNUSED_FUNCTION = YES;
				GCC_WARN_UNUSED_VARIABLE = YES;
				IPHONEOS_DEPLOYMENT_TARGET = 12.1;
				MTL_ENABLE_DEBUG_INFO = INCLUDE_SOURCE;
				MTL_FAST_MATH = YES;
				ONLY_ACTIVE_ARCH = YES;
				SDKROOT = iphoneos;
				SWIFT_ACTIVE_COMPILATION_CONDITIONS = DEBUG;
				SWIFT_OPTIMIZATION_LEVEL = "-Onone";
			};
			name = Debug;
		};
		75BCEC902225A92100821B13 /* Release */ = {
			isa = XCBuildConfiguration;
			buildSettings = {
				ALWAYS_SEARCH_USER_PATHS = NO;
				CLANG_ANALYZER_NONNULL = YES;
				CLANG_ANALYZER_NUMBER_OBJECT_CONVERSION = YES_AGGRESSIVE;
				CLANG_CXX_LANGUAGE_STANDARD = "gnu++14";
				CLANG_CXX_LIBRARY = "libc++";
				CLANG_ENABLE_MODULES = YES;
				CLANG_ENABLE_OBJC_ARC = YES;
				CLANG_ENABLE_OBJC_WEAK = YES;
				CLANG_WARN_BLOCK_CAPTURE_AUTORELEASING = YES;
				CLANG_WARN_BOOL_CONVERSION = YES;
				CLANG_WARN_COMMA = YES;
				CLANG_WARN_CONSTANT_CONVERSION = YES;
				CLANG_WARN_DEPRECATED_OBJC_IMPLEMENTATIONS = YES;
				CLANG_WARN_DIRECT_OBJC_ISA_USAGE = YES_ERROR;
				CLANG_WARN_DOCUMENTATION_COMMENTS = YES;
				CLANG_WARN_EMPTY_BODY = YES;
				CLANG_WARN_ENUM_CONVERSION = YES;
				CLANG_WARN_INFINITE_RECURSION = YES;
				CLANG_WARN_INT_CONVERSION = YES;
				CLANG_WARN_NON_LITERAL_NULL_CONVERSION = YES;
				CLANG_WARN_OBJC_IMPLICIT_RETAIN_SELF = YES;
				CLANG_WARN_OBJC_LITERAL_CONVERSION = YES;
				CLANG_WARN_OBJC_ROOT_CLASS = YES_ERROR;
				CLANG_WARN_RANGE_LOOP_ANALYSIS = YES;
				CLANG_WARN_STRICT_PROTOTYPES = YES;
				CLANG_WARN_SUSPICIOUS_MOVE = YES;
				CLANG_WARN_UNGUARDED_AVAILABILITY = YES_AGGRESSIVE;
				CLANG_WARN_UNREACHABLE_CODE = YES;
				CLANG_WARN__DUPLICATE_METHOD_MATCH = YES;
				CODE_SIGN_IDENTITY = "iPhone Developer";
				COPY_PHASE_STRIP = NO;
				DEBUG_INFORMATION_FORMAT = "dwarf-with-dsym";
				ENABLE_NS_ASSERTIONS = NO;
				ENABLE_STRICT_OBJC_MSGSEND = YES;
				GCC_C_LANGUAGE_STANDARD = gnu11;
				GCC_NO_COMMON_BLOCKS = YES;
				GCC_WARN_64_TO_32_BIT_CONVERSION = YES;
				GCC_WARN_ABOUT_RETURN_TYPE = YES_ERROR;
				GCC_WARN_UNDECLARED_SELECTOR = YES;
				GCC_WARN_UNINITIALIZED_AUTOS = YES_AGGRESSIVE;
				GCC_WARN_UNUSED_FUNCTION = YES;
				GCC_WARN_UNUSED_VARIABLE = YES;
				IPHONEOS_DEPLOYMENT_TARGET = 12.1;
				MTL_ENABLE_DEBUG_INFO = NO;
				MTL_FAST_MATH = YES;
				SDKROOT = iphoneos;
				SWIFT_COMPILATION_MODE = wholemodule;
				SWIFT_OPTIMIZATION_LEVEL = "-O";
				VALIDATE_PRODUCT = YES;
			};
			name = Release;
		};
		75BCEC922225A92100821B13 /* Debug */ = {
			isa = XCBuildConfiguration;
			buildSettings = {
				ASSETCATALOG_COMPILER_APPICON_NAME = AppIcon;
				CODE_SIGN_STYLE = Automatic;
				INFOPLIST_FILE = Memeogram/Info.plist;
				LD_RUNPATH_SEARCH_PATHS = (
					"$(inherited)",
					"@executable_path/Frameworks",
				);
				PRODUCT_BUNDLE_IDENTIFIER = com.at.ios.Memeogram;
				PRODUCT_NAME = "$(TARGET_NAME)";
				SWIFT_VERSION = 4.2;
				TARGETED_DEVICE_FAMILY = "1,2";
			};
			name = Debug;
		};
		75BCEC932225A92100821B13 /* Release */ = {
			isa = XCBuildConfiguration;
			buildSettings = {
				ASSETCATALOG_COMPILER_APPICON_NAME = AppIcon;
				CODE_SIGN_STYLE = Automatic;
				INFOPLIST_FILE = Memeogram/Info.plist;
				LD_RUNPATH_SEARCH_PATHS = (
					"$(inherited)",
					"@executable_path/Frameworks",
				);
				PRODUCT_BUNDLE_IDENTIFIER = com.at.ios.Memeogram;
				PRODUCT_NAME = "$(TARGET_NAME)";
				SWIFT_VERSION = 4.2;
				TARGETED_DEVICE_FAMILY = "1,2";
			};
			name = Release;
		};
		75BCEC952225A92100821B13 /* Debug */ = {
			isa = XCBuildConfiguration;
			buildSettings = {
				ALWAYS_EMBED_SWIFT_STANDARD_LIBRARIES = YES;
				BUNDLE_LOADER = "$(TEST_HOST)";
				CODE_SIGN_STYLE = Automatic;
				INFOPLIST_FILE = MemeogramTests/Info.plist;
				LD_RUNPATH_SEARCH_PATHS = (
					"$(inherited)",
					"@executable_path/Frameworks",
					"@loader_path/Frameworks",
				);
				PRODUCT_BUNDLE_IDENTIFIER = com.at.ios.MemeogramTests;
				PRODUCT_NAME = "$(TARGET_NAME)";
				SWIFT_VERSION = 4.2;
				TARGETED_DEVICE_FAMILY = "1,2";
				TEST_HOST = "$(BUILT_PRODUCTS_DIR)/Memeogram.app/Memeogram";
			};
			name = Debug;
		};
		75BCEC962225A92100821B13 /* Release */ = {
			isa = XCBuildConfiguration;
			buildSettings = {
				ALWAYS_EMBED_SWIFT_STANDARD_LIBRARIES = YES;
				BUNDLE_LOADER = "$(TEST_HOST)";
				CODE_SIGN_STYLE = Automatic;
				INFOPLIST_FILE = MemeogramTests/Info.plist;
				LD_RUNPATH_SEARCH_PATHS = (
					"$(inherited)",
					"@executable_path/Frameworks",
					"@loader_path/Frameworks",
				);
				PRODUCT_BUNDLE_IDENTIFIER = com.at.ios.MemeogramTests;
				PRODUCT_NAME = "$(TARGET_NAME)";
				SWIFT_VERSION = 4.2;
				TARGETED_DEVICE_FAMILY = "1,2";
				TEST_HOST = "$(BUILT_PRODUCTS_DIR)/Memeogram.app/Memeogram";
			};
			name = Release;
		};
		75BCEC982225A92100821B13 /* Debug */ = {
			isa = XCBuildConfiguration;
			buildSettings = {
				ALWAYS_EMBED_SWIFT_STANDARD_LIBRARIES = YES;
				CODE_SIGN_STYLE = Automatic;
				INFOPLIST_FILE = MemeogramUITests/Info.plist;
				LD_RUNPATH_SEARCH_PATHS = (
					"$(inherited)",
					"@executable_path/Frameworks",
					"@loader_path/Frameworks",
				);
				PRODUCT_BUNDLE_IDENTIFIER = com.at.ios.MemeogramUITests;
				PRODUCT_NAME = "$(TARGET_NAME)";
				SWIFT_VERSION = 4.2;
				TARGETED_DEVICE_FAMILY = "1,2";
				TEST_TARGET_NAME = Memeogram;
			};
			name = Debug;
		};
		75BCEC992225A92100821B13 /* Release */ = {
			isa = XCBuildConfiguration;
			buildSettings = {
				ALWAYS_EMBED_SWIFT_STANDARD_LIBRARIES = YES;
				CODE_SIGN_STYLE = Automatic;
				INFOPLIST_FILE = MemeogramUITests/Info.plist;
				LD_RUNPATH_SEARCH_PATHS = (
					"$(inherited)",
					"@executable_path/Frameworks",
					"@loader_path/Frameworks",
				);
				PRODUCT_BUNDLE_IDENTIFIER = com.at.ios.MemeogramUITests;
				PRODUCT_NAME = "$(TARGET_NAME)";
				SWIFT_VERSION = 4.2;
				TARGETED_DEVICE_FAMILY = "1,2";
				TEST_TARGET_NAME = Memeogram;
			};
			name = Release;
		};
/* End XCBuildConfiguration section */

/* Begin XCConfigurationList section */
		75BCEC642225A92000821B13 /* Build configuration list for PBXProject "Memeogram" */ = {
			isa = XCConfigurationList;
			buildConfigurations = (
				75BCEC8F2225A92100821B13 /* Debug */,
				75BCEC902225A92100821B13 /* Release */,
			);
			defaultConfigurationIsVisible = 0;
			defaultConfigurationName = Release;
		};
		75BCEC912225A92100821B13 /* Build configuration list for PBXNativeTarget "Memeogram" */ = {
			isa = XCConfigurationList;
			buildConfigurations = (
				75BCEC922225A92100821B13 /* Debug */,
				75BCEC932225A92100821B13 /* Release */,
			);
			defaultConfigurationIsVisible = 0;
			defaultConfigurationName = Release;
		};
		75BCEC942225A92100821B13 /* Build configuration list for PBXNativeTarget "MemeogramTests" */ = {
			isa = XCConfigurationList;
			buildConfigurations = (
				75BCEC952225A92100821B13 /* Debug */,
				75BCEC962225A92100821B13 /* Release */,
			);
			defaultConfigurationIsVisible = 0;
			defaultConfigurationName = Release;
		};
		75BCEC972225A92100821B13 /* Build configuration list for PBXNativeTarget "MemeogramUITests" */ = {
			isa = XCConfigurationList;
			buildConfigurations = (
				75BCEC982225A92100821B13 /* Debug */,
				75BCEC992225A92100821B13 /* Release */,
			);
			defaultConfigurationIsVisible = 0;
			defaultConfigurationName = Release;
		};
/* End XCConfigurationList section */
	};
	rootObject = 75BCEC612225A92000821B13 /* Project object */;
}
